// !$*UTF8*$!
{
	archiveVersion = 1;
	classes = {
	};
	objectVersion = 55;
	objects = {

/* Begin PBXBuildFile section */
		0BFA0FF72947550700608CC6 /* HouseApp.swift in Sources */ = {isa = PBXBuildFile; fileRef = 0BFA0FF62947550700608CC6 /* HouseApp.swift */; };
		0BFA0FF92947550700608CC6 /* ContentView.swift in Sources */ = {isa = PBXBuildFile; fileRef = 0BFA0FF82947550700608CC6 /* ContentView.swift */; };
		0BFA0FFB2947550800608CC6 /* Assets.xcassets in Resources */ = {isa = PBXBuildFile; fileRef = 0BFA0FFA2947550800608CC6 /* Assets.xcassets */; };
		0BFA0FFE2947550800608CC6 /* Preview Assets.xcassets in Resources */ = {isa = PBXBuildFile; fileRef = 0BFA0FFD2947550800608CC6 /* Preview Assets.xcassets */; };
		0BFA101329475A1400608CC6 /* GothamSSm-XLightItalic.otf in Resources */ = {isa = PBXBuildFile; fileRef = 0BFA100729475A1400608CC6 /* GothamSSm-XLightItalic.otf */; };
		0BFA101429475A1400608CC6 /* GothamSSm-Medium.otf in Resources */ = {isa = PBXBuildFile; fileRef = 0BFA100829475A1400608CC6 /* GothamSSm-Medium.otf */; };
		0BFA101529475A1400608CC6 /* GothamSSm-XLight.otf in Resources */ = {isa = PBXBuildFile; fileRef = 0BFA100929475A1400608CC6 /* GothamSSm-XLight.otf */; };
		0BFA101629475A1400608CC6 /* GothamSSm-Black.otf in Resources */ = {isa = PBXBuildFile; fileRef = 0BFA100A29475A1400608CC6 /* GothamSSm-Black.otf */; };
		0BFA101729475A1400608CC6 /* GothamSSm-Light.otf in Resources */ = {isa = PBXBuildFile; fileRef = 0BFA100B29475A1400608CC6 /* GothamSSm-Light.otf */; };
		0BFA101829475A1400608CC6 /* GothamSSm-Book.otf in Resources */ = {isa = PBXBuildFile; fileRef = 0BFA100C29475A1400608CC6 /* GothamSSm-Book.otf */; };
		0BFA101929475A1400608CC6 /* GothamSSm-Bold.otf in Resources */ = {isa = PBXBuildFile; fileRef = 0BFA100D29475A1400608CC6 /* GothamSSm-Bold.otf */; };
		0BFA101A29475A1400608CC6 /* GothamSSm-MediumItalic.otf in Resources */ = {isa = PBXBuildFile; fileRef = 0BFA100E29475A1400608CC6 /* GothamSSm-MediumItalic.otf */; };
		0BFA101B29475A1400608CC6 /* GothamSSm-BookItalic.otf in Resources */ = {isa = PBXBuildFile; fileRef = 0BFA100F29475A1400608CC6 /* GothamSSm-BookItalic.otf */; };
		0BFA101C29475A1400608CC6 /* GothamSSm-LightItalic.otf in Resources */ = {isa = PBXBuildFile; fileRef = 0BFA101029475A1400608CC6 /* GothamSSm-LightItalic.otf */; };
		0BFA101D29475A1400608CC6 /* GothamSSm-BoldItalic.otf in Resources */ = {isa = PBXBuildFile; fileRef = 0BFA101129475A1400608CC6 /* GothamSSm-BoldItalic.otf */; };
		0BFA101E29475A1400608CC6 /* GothamSSm-BlackItalic.otf in Resources */ = {isa = PBXBuildFile; fileRef = 0BFA101229475A1400608CC6 /* GothamSSm-BlackItalic.otf */; };
		0BFA102029475DC600608CC6 /* LaunchScreen.storyboard in Resources */ = {isa = PBXBuildFile; fileRef = 0BFA101F29475DC600608CC6 /* LaunchScreen.storyboard */; };
		0BFA1026294765A700608CC6 /* NetworkServiceProtocol.swift in Sources */ = {isa = PBXBuildFile; fileRef = 0BFA1025294765A700608CC6 /* NetworkServiceProtocol.swift */; };
		0BFA1028294765CE00608CC6 /* NetworkError.swift in Sources */ = {isa = PBXBuildFile; fileRef = 0BFA1027294765CE00608CC6 /* NetworkError.swift */; };
		0BFA102A2947666F00608CC6 /* NetworkService.swift in Sources */ = {isa = PBXBuildFile; fileRef = 0BFA10292947666F00608CC6 /* NetworkService.swift */; };
		0BFA102C294766D900608CC6 /* HouseFetcher.swift in Sources */ = {isa = PBXBuildFile; fileRef = 0BFA102B294766D900608CC6 /* HouseFetcher.swift */; };
		0BFA102E2947675000608CC6 /* House.swift in Sources */ = {isa = PBXBuildFile; fileRef = 0BFA102D2947675000608CC6 /* House.swift */; };
		0BFA1031294769E300608CC6 /* Constants.swift in Sources */ = {isa = PBXBuildFile; fileRef = 0BFA1030294769E300608CC6 /* Constants.swift */; };
		0BFA103329476E4100608CC6 /* HouseListView.swift in Sources */ = {isa = PBXBuildFile; fileRef = 0BFA103229476E4100608CC6 /* HouseListView.swift */; };
		0BFA103729477A0500608CC6 /* HouseDetailView.swift in Sources */ = {isa = PBXBuildFile; fileRef = 0BFA103629477A0500608CC6 /* HouseDetailView.swift */; };
		0BFA103929477C5800608CC6 /* NoResultView.swift in Sources */ = {isa = PBXBuildFile; fileRef = 0BFA103829477C5800608CC6 /* NoResultView.swift */; };
		0BFA103F29485FCE00608CC6 /* HouseRow.swift in Sources */ = {isa = PBXBuildFile; fileRef = 0BFA103E29485FCE00608CC6 /* HouseRow.swift */; };
		0BFA10412948901800608CC6 /* TabBar.swift in Sources */ = {isa = PBXBuildFile; fileRef = 0BFA10402948901800608CC6 /* TabBar.swift */; };
		0BFA10432948ADA900608CC6 /* MapView.swift in Sources */ = {isa = PBXBuildFile; fileRef = 0BFA10422948ADA900608CC6 /* MapView.swift */; };
		0BFA10452948FD3F00608CC6 /* AboutView.swift in Sources */ = {isa = PBXBuildFile; fileRef = 0BFA10442948FD3F00608CC6 /* AboutView.swift */; };
		0BFA10492949D80700608CC6 /* LocationManager.swift in Sources */ = {isa = PBXBuildFile; fileRef = 0BFA10482949D80700608CC6 /* LocationManager.swift */; };
		0BFA104B2949DF8E00608CC6 /* Extensions.swift in Sources */ = {isa = PBXBuildFile; fileRef = 0BFA104A2949DF8E00608CC6 /* Extensions.swift */; };
/* End PBXBuildFile section */

/* Begin PBXFileReference section */
		0BFA0FF32947550700608CC6 /* House.app */ = {isa = PBXFileReference; explicitFileType = wrapper.application; includeInIndex = 0; path = House.app; sourceTree = BUILT_PRODUCTS_DIR; };
		0BFA0FF62947550700608CC6 /* HouseApp.swift */ = {isa = PBXFileReference; lastKnownFileType = sourcecode.swift; path = HouseApp.swift; sourceTree = "<group>"; };
		0BFA0FF82947550700608CC6 /* ContentView.swift */ = {isa = PBXFileReference; lastKnownFileType = sourcecode.swift; path = ContentView.swift; sourceTree = "<group>"; };
		0BFA0FFA2947550800608CC6 /* Assets.xcassets */ = {isa = PBXFileReference; lastKnownFileType = folder.assetcatalog; path = Assets.xcassets; sourceTree = "<group>"; };
		0BFA0FFD2947550800608CC6 /* Preview Assets.xcassets */ = {isa = PBXFileReference; lastKnownFileType = folder.assetcatalog; path = "Preview Assets.xcassets"; sourceTree = "<group>"; };
		0BFA10042947567B00608CC6 /* Info.plist */ = {isa = PBXFileReference; lastKnownFileType = text.plist; path = Info.plist; sourceTree = "<group>"; };
		0BFA100729475A1400608CC6 /* GothamSSm-XLightItalic.otf */ = {isa = PBXFileReference; lastKnownFileType = file; path = "GothamSSm-XLightItalic.otf"; sourceTree = "<group>"; };
		0BFA100829475A1400608CC6 /* GothamSSm-Medium.otf */ = {isa = PBXFileReference; lastKnownFileType = file; path = "GothamSSm-Medium.otf"; sourceTree = "<group>"; };
		0BFA100929475A1400608CC6 /* GothamSSm-XLight.otf */ = {isa = PBXFileReference; lastKnownFileType = file; path = "GothamSSm-XLight.otf"; sourceTree = "<group>"; };
		0BFA100A29475A1400608CC6 /* GothamSSm-Black.otf */ = {isa = PBXFileReference; lastKnownFileType = file; path = "GothamSSm-Black.otf"; sourceTree = "<group>"; };
		0BFA100B29475A1400608CC6 /* GothamSSm-Light.otf */ = {isa = PBXFileReference; lastKnownFileType = file; path = "GothamSSm-Light.otf"; sourceTree = "<group>"; };
		0BFA100C29475A1400608CC6 /* GothamSSm-Book.otf */ = {isa = PBXFileReference; lastKnownFileType = file; path = "GothamSSm-Book.otf"; sourceTree = "<group>"; };
		0BFA100D29475A1400608CC6 /* GothamSSm-Bold.otf */ = {isa = PBXFileReference; lastKnownFileType = file; path = "GothamSSm-Bold.otf"; sourceTree = "<group>"; };
		0BFA100E29475A1400608CC6 /* GothamSSm-MediumItalic.otf */ = {isa = PBXFileReference; lastKnownFileType = file; path = "GothamSSm-MediumItalic.otf"; sourceTree = "<group>"; };
		0BFA100F29475A1400608CC6 /* GothamSSm-BookItalic.otf */ = {isa = PBXFileReference; lastKnownFileType = file; path = "GothamSSm-BookItalic.otf"; sourceTree = "<group>"; };
		0BFA101029475A1400608CC6 /* GothamSSm-LightItalic.otf */ = {isa = PBXFileReference; lastKnownFileType = file; path = "GothamSSm-LightItalic.otf"; sourceTree = "<group>"; };
		0BFA101129475A1400608CC6 /* GothamSSm-BoldItalic.otf */ = {isa = PBXFileReference; lastKnownFileType = file; path = "GothamSSm-BoldItalic.otf"; sourceTree = "<group>"; };
		0BFA101229475A1400608CC6 /* GothamSSm-BlackItalic.otf */ = {isa = PBXFileReference; lastKnownFileType = file; path = "GothamSSm-BlackItalic.otf"; sourceTree = "<group>"; };
		0BFA101F29475DC600608CC6 /* LaunchScreen.storyboard */ = {isa = PBXFileReference; lastKnownFileType = file.storyboard; path = LaunchScreen.storyboard; sourceTree = "<group>"; };
		0BFA1025294765A700608CC6 /* NetworkServiceProtocol.swift */ = {isa = PBXFileReference; lastKnownFileType = sourcecode.swift; path = NetworkServiceProtocol.swift; sourceTree = "<group>"; };
		0BFA1027294765CE00608CC6 /* NetworkError.swift */ = {isa = PBXFileReference; lastKnownFileType = sourcecode.swift; path = NetworkError.swift; sourceTree = "<group>"; };
		0BFA10292947666F00608CC6 /* NetworkService.swift */ = {isa = PBXFileReference; lastKnownFileType = sourcecode.swift; path = NetworkService.swift; sourceTree = "<group>"; };
		0BFA102B294766D900608CC6 /* HouseFetcher.swift */ = {isa = PBXFileReference; lastKnownFileType = sourcecode.swift; path = HouseFetcher.swift; sourceTree = "<group>"; };
		0BFA102D2947675000608CC6 /* House.swift */ = {isa = PBXFileReference; lastKnownFileType = sourcecode.swift; path = House.swift; sourceTree = "<group>"; };
		0BFA1030294769E300608CC6 /* Constants.swift */ = {isa = PBXFileReference; lastKnownFileType = sourcecode.swift; path = Constants.swift; sourceTree = "<group>"; };
		0BFA103229476E4100608CC6 /* HouseListView.swift */ = {isa = PBXFileReference; lastKnownFileType = sourcecode.swift; path = HouseListView.swift; sourceTree = "<group>"; };
		0BFA103629477A0500608CC6 /* HouseDetailView.swift */ = {isa = PBXFileReference; lastKnownFileType = sourcecode.swift; path = HouseDetailView.swift; sourceTree = "<group>"; };
		0BFA103829477C5800608CC6 /* NoResultView.swift */ = {isa = PBXFileReference; lastKnownFileType = sourcecode.swift; path = NoResultView.swift; sourceTree = "<group>"; };
		0BFA103E29485FCE00608CC6 /* HouseRow.swift */ = {isa = PBXFileReference; lastKnownFileType = sourcecode.swift; path = HouseRow.swift; sourceTree = "<group>"; };
		0BFA10402948901800608CC6 /* TabBar.swift */ = {isa = PBXFileReference; lastKnownFileType = sourcecode.swift; path = TabBar.swift; sourceTree = "<group>"; };
		0BFA10422948ADA900608CC6 /* MapView.swift */ = {isa = PBXFileReference; lastKnownFileType = sourcecode.swift; path = MapView.swift; sourceTree = "<group>"; };
		0BFA10442948FD3F00608CC6 /* AboutView.swift */ = {isa = PBXFileReference; lastKnownFileType = sourcecode.swift; path = AboutView.swift; sourceTree = "<group>"; };
		0BFA10482949D80700608CC6 /* LocationManager.swift */ = {isa = PBXFileReference; lastKnownFileType = sourcecode.swift; path = LocationManager.swift; sourceTree = "<group>"; };
		0BFA104A2949DF8E00608CC6 /* Extensions.swift */ = {isa = PBXFileReference; lastKnownFileType = sourcecode.swift; path = Extensions.swift; sourceTree = "<group>"; };
/* End PBXFileReference section */

/* Begin PBXFrameworksBuildPhase section */
		0BFA0FF02947550700608CC6 /* Frameworks */ = {
			isa = PBXFrameworksBuildPhase;
			buildActionMask = 2147483647;
			files = (
			);
			runOnlyForDeploymentPostprocessing = 0;
		};
/* End PBXFrameworksBuildPhase section */

/* Begin PBXGroup section */
		0BFA0FEA2947550700608CC6 = {
			isa = PBXGroup;
			children = (
				0BFA0FF52947550700608CC6 /* House */,
				0BFA0FF42947550700608CC6 /* Products */,
			);
			sourceTree = "<group>";
		};
		0BFA0FF42947550700608CC6 /* Products */ = {
			isa = PBXGroup;
			children = (
				0BFA0FF32947550700608CC6 /* House.app */,
			);
			name = Products;
			sourceTree = "<group>";
		};
		0BFA0FF52947550700608CC6 /* House */ = {
			isa = PBXGroup;
			children = (
				0BFA10042947567B00608CC6 /* Info.plist */,
				0BFA0FF62947550700608CC6 /* HouseApp.swift */,
				0BFA0FF82947550700608CC6 /* ContentView.swift */,
				0BFA102429475FC600608CC6 /* ViewModel */,
				0BFA102329475FBF00608CC6 /* Views */,
				0BFA102129475FA700608CC6 /* Model */,
				0BFA101F29475DC600608CC6 /* LaunchScreen.storyboard */,
				0BFA102F294769AC00608CC6 /* Helpers */,
				0BFA100629475A1400608CC6 /* Gotham SSm */,
				0BFA0FFA2947550800608CC6 /* Assets.xcassets */,
				0BFA0FFC2947550800608CC6 /* Preview Content */,
			);
			path = House;
			sourceTree = "<group>";
		};
		0BFA0FFC2947550800608CC6 /* Preview Content */ = {
			isa = PBXGroup;
			children = (
				0BFA0FFD2947550800608CC6 /* Preview Assets.xcassets */,
			);
			path = "Preview Content";
			sourceTree = "<group>";
		};
		0BFA100629475A1400608CC6 /* Gotham SSm */ = {
			isa = PBXGroup;
			children = (
				0BFA100729475A1400608CC6 /* GothamSSm-XLightItalic.otf */,
				0BFA100829475A1400608CC6 /* GothamSSm-Medium.otf */,
				0BFA100929475A1400608CC6 /* GothamSSm-XLight.otf */,
				0BFA100A29475A1400608CC6 /* GothamSSm-Black.otf */,
				0BFA100B29475A1400608CC6 /* GothamSSm-Light.otf */,
				0BFA100C29475A1400608CC6 /* GothamSSm-Book.otf */,
				0BFA100D29475A1400608CC6 /* GothamSSm-Bold.otf */,
				0BFA100E29475A1400608CC6 /* GothamSSm-MediumItalic.otf */,
				0BFA100F29475A1400608CC6 /* GothamSSm-BookItalic.otf */,
				0BFA101029475A1400608CC6 /* GothamSSm-LightItalic.otf */,
				0BFA101129475A1400608CC6 /* GothamSSm-BoldItalic.otf */,
				0BFA101229475A1400608CC6 /* GothamSSm-BlackItalic.otf */,
			);
			path = "Gotham SSm";
			sourceTree = "<group>";
		};
		0BFA102129475FA700608CC6 /* Model */ = {
			isa = PBXGroup;
			children = (
				0BFA102D2947675000608CC6 /* House.swift */,
			);
			path = Model;
			sourceTree = "<group>";
		};
		0BFA102329475FBF00608CC6 /* Views */ = {
			isa = PBXGroup;
			children = (
				0BFA103229476E4100608CC6 /* HouseListView.swift */,
				0BFA103E29485FCE00608CC6 /* HouseRow.swift */,
				0BFA103629477A0500608CC6 /* HouseDetailView.swift */,
				0BFA103829477C5800608CC6 /* NoResultView.swift */,
				0BFA10442948FD3F00608CC6 /* AboutView.swift */,
				0BFA10402948901800608CC6 /* TabBar.swift */,
				0BFA10422948ADA900608CC6 /* MapView.swift */,
			);
			path = Views;
			sourceTree = "<group>";
		};
		0BFA102429475FC600608CC6 /* ViewModel */ = {
			isa = PBXGroup;
			children = (
				0BFA1025294765A700608CC6 /* NetworkServiceProtocol.swift */,
				0BFA10292947666F00608CC6 /* NetworkService.swift */,
				0BFA102B294766D900608CC6 /* HouseFetcher.swift */,
				0BFA1027294765CE00608CC6 /* NetworkError.swift */,
			);
			path = ViewModel;
			sourceTree = "<group>";
		};
		0BFA102F294769AC00608CC6 /* Helpers */ = {
			isa = PBXGroup;
			children = (
				0BFA1030294769E300608CC6 /* Constants.swift */,
				0BFA10482949D80700608CC6 /* LocationManager.swift */,
				0BFA104A2949DF8E00608CC6 /* Extensions.swift */,
			);
			path = Helpers;
			sourceTree = "<group>";
		};
/* End PBXGroup section */

/* Begin PBXNativeTarget section */
		0BFA0FF22947550700608CC6 /* House */ = {
			isa = PBXNativeTarget;
			buildConfigurationList = 0BFA10012947550800608CC6 /* Build configuration list for PBXNativeTarget "House" */;
			buildPhases = (
				0BFA0FEF2947550700608CC6 /* Sources */,
				0BFA0FF02947550700608CC6 /* Frameworks */,
				0BFA0FF12947550700608CC6 /* Resources */,
			);
			buildRules = (
			);
			dependencies = (
			);
			name = House;
			productName = House;
			productReference = 0BFA0FF32947550700608CC6 /* House.app */;
			productType = "com.apple.product-type.application";
		};
/* End PBXNativeTarget section */

/* Begin PBXProject section */
		0BFA0FEB2947550700608CC6 /* Project object */ = {
			isa = PBXProject;
			attributes = {
				BuildIndependentTargetsInParallel = 1;
				LastSwiftUpdateCheck = 1340;
				LastUpgradeCheck = 1340;
				TargetAttributes = {
					0BFA0FF22947550700608CC6 = {
						CreatedOnToolsVersion = 13.4;
					};
				};
			};
			buildConfigurationList = 0BFA0FEE2947550700608CC6 /* Build configuration list for PBXProject "House" */;
			compatibilityVersion = "Xcode 13.0";
			developmentRegion = en;
			hasScannedForEncodings = 0;
			knownRegions = (
				en,
				Base,
			);
			mainGroup = 0BFA0FEA2947550700608CC6;
			productRefGroup = 0BFA0FF42947550700608CC6 /* Products */;
			projectDirPath = "";
			projectRoot = "";
			targets = (
				0BFA0FF22947550700608CC6 /* House */,
			);
		};
/* End PBXProject section */

/* Begin PBXResourcesBuildPhase section */
		0BFA0FF12947550700608CC6 /* Resources */ = {
			isa = PBXResourcesBuildPhase;
			buildActionMask = 2147483647;
			files = (
				0BFA101429475A1400608CC6 /* GothamSSm-Medium.otf in Resources */,
				0BFA101629475A1400608CC6 /* GothamSSm-Black.otf in Resources */,
				0BFA101329475A1400608CC6 /* GothamSSm-XLightItalic.otf in Resources */,
				0BFA102029475DC600608CC6 /* LaunchScreen.storyboard in Resources */,
				0BFA101729475A1400608CC6 /* GothamSSm-Light.otf in Resources */,
				0BFA101B29475A1400608CC6 /* GothamSSm-BookItalic.otf in Resources */,
				0BFA101E29475A1400608CC6 /* GothamSSm-BlackItalic.otf in Resources */,
				0BFA101829475A1400608CC6 /* GothamSSm-Book.otf in Resources */,
				0BFA101D29475A1400608CC6 /* GothamSSm-BoldItalic.otf in Resources */,
				0BFA0FFE2947550800608CC6 /* Preview Assets.xcassets in Resources */,
				0BFA101929475A1400608CC6 /* GothamSSm-Bold.otf in Resources */,
				0BFA101529475A1400608CC6 /* GothamSSm-XLight.otf in Resources */,
				0BFA101A29475A1400608CC6 /* GothamSSm-MediumItalic.otf in Resources */,
				0BFA101C29475A1400608CC6 /* GothamSSm-LightItalic.otf in Resources */,
				0BFA0FFB2947550800608CC6 /* Assets.xcassets in Resources */,
			);
			runOnlyForDeploymentPostprocessing = 0;
		};
/* End PBXResourcesBuildPhase section */

/* Begin PBXSourcesBuildPhase section */
		0BFA0FEF2947550700608CC6 /* Sources */ = {
			isa = PBXSourcesBuildPhase;
			buildActionMask = 2147483647;
			files = (
				0BFA102E2947675000608CC6 /* House.swift in Sources */,
				0BFA10432948ADA900608CC6 /* MapView.swift in Sources */,
				0BFA10452948FD3F00608CC6 /* AboutView.swift in Sources */,
				0BFA103329476E4100608CC6 /* HouseListView.swift in Sources */,
				0BFA103729477A0500608CC6 /* HouseDetailView.swift in Sources */,
				0BFA102C294766D900608CC6 /* HouseFetcher.swift in Sources */,
				0BFA103929477C5800608CC6 /* NoResultView.swift in Sources */,
				0BFA104B2949DF8E00608CC6 /* Extensions.swift in Sources */,
				0BFA10492949D80700608CC6 /* LocationManager.swift in Sources */,
				0BFA102A2947666F00608CC6 /* NetworkService.swift in Sources */,
				0BFA0FF92947550700608CC6 /* ContentView.swift in Sources */,
				0BFA10412948901800608CC6 /* TabBar.swift in Sources */,
				0BFA103F29485FCE00608CC6 /* HouseRow.swift in Sources */,
				0BFA1028294765CE00608CC6 /* NetworkError.swift in Sources */,
				0BFA0FF72947550700608CC6 /* HouseApp.swift in Sources */,
				0BFA1026294765A700608CC6 /* NetworkServiceProtocol.swift in Sources */,
				0BFA1031294769E300608CC6 /* Constants.swift in Sources */,
			);
			runOnlyForDeploymentPostprocessing = 0;
		};
/* End PBXSourcesBuildPhase section */

/* Begin XCBuildConfiguration section */
		0BFA0FFF2947550800608CC6 /* Debug */ = {
			isa = XCBuildConfiguration;
			buildSettings = {
				ALWAYS_SEARCH_USER_PATHS = NO;
				CLANG_ANALYZER_NONNULL = YES;
				CLANG_ANALYZER_NUMBER_OBJECT_CONVERSION = YES_AGGRESSIVE;
				CLANG_CXX_LANGUAGE_STANDARD = "gnu++17";
				CLANG_ENABLE_MODULES = YES;
				CLANG_ENABLE_OBJC_ARC = YES;
				CLANG_ENABLE_OBJC_WEAK = YES;
				CLANG_WARN_BLOCK_CAPTURE_AUTORELEASING = YES;
				CLANG_WARN_BOOL_CONVERSION = YES;
				CLANG_WARN_COMMA = YES;
				CLANG_WARN_CONSTANT_CONVERSION = YES;
				CLANG_WARN_DEPRECATED_OBJC_IMPLEMENTATIONS = YES;
				CLANG_WARN_DIRECT_OBJC_ISA_USAGE = YES_ERROR;
				CLANG_WARN_DOCUMENTATION_COMMENTS = YES;
				CLANG_WARN_EMPTY_BODY = YES;
				CLANG_WARN_ENUM_CONVERSION = YES;
				CLANG_WARN_INFINITE_RECURSION = YES;
				CLANG_WARN_INT_CONVERSION = YES;
				CLANG_WARN_NON_LITERAL_NULL_CONVERSION = YES;
				CLANG_WARN_OBJC_IMPLICIT_RETAIN_SELF = YES;
				CLANG_WARN_OBJC_LITERAL_CONVERSION = YES;
				CLANG_WARN_OBJC_ROOT_CLASS = YES_ERROR;
				CLANG_WARN_QUOTED_INCLUDE_IN_FRAMEWORK_HEADER = YES;
				CLANG_WARN_RANGE_LOOP_ANALYSIS = YES;
				CLANG_WARN_STRICT_PROTOTYPES = YES;
				CLANG_WARN_SUSPICIOUS_MOVE = YES;
				CLANG_WARN_UNGUARDED_AVAILABILITY = YES_AGGRESSIVE;
				CLANG_WARN_UNREACHABLE_CODE = YES;
				CLANG_WARN__DUPLICATE_METHOD_MATCH = YES;
				COPY_PHASE_STRIP = NO;
				DEBUG_INFORMATION_FORMAT = dwarf;
				ENABLE_STRICT_OBJC_MSGSEND = YES;
				ENABLE_TESTABILITY = YES;
				GCC_C_LANGUAGE_STANDARD = gnu11;
				GCC_DYNAMIC_NO_PIC = NO;
				GCC_NO_COMMON_BLOCKS = YES;
				GCC_OPTIMIZATION_LEVEL = 0;
				GCC_PREPROCESSOR_DEFINITIONS = (
					"DEBUG=1",
					"$(inherited)",
				);
				GCC_WARN_64_TO_32_BIT_CONVERSION = YES;
				GCC_WARN_ABOUT_RETURN_TYPE = YES_ERROR;
				GCC_WARN_UNDECLARED_SELECTOR = YES;
				GCC_WARN_UNINITIALIZED_AUTOS = YES_AGGRESSIVE;
				GCC_WARN_UNUSED_FUNCTION = YES;
				GCC_WARN_UNUSED_VARIABLE = YES;
				IPHONEOS_DEPLOYMENT_TARGET = 15.5;
				MTL_ENABLE_DEBUG_INFO = INCLUDE_SOURCE;
				MTL_FAST_MATH = YES;
				ONLY_ACTIVE_ARCH = YES;
				SDKROOT = iphoneos;
				SWIFT_ACTIVE_COMPILATION_CONDITIONS = DEBUG;
				SWIFT_OPTIMIZATION_LEVEL = "-Onone";
			};
			name = Debug;
		};
		0BFA10002947550800608CC6 /* Release */ = {
			isa = XCBuildConfiguration;
			buildSettings = {
				ALWAYS_SEARCH_USER_PATHS = NO;
				CLANG_ANALYZER_NONNULL = YES;
				CLANG_ANALYZER_NUMBER_OBJECT_CONVERSION = YES_AGGRESSIVE;
				CLANG_CXX_LANGUAGE_STANDARD = "gnu++17";
				CLANG_ENABLE_MODULES = YES;
				CLANG_ENABLE_OBJC_ARC = YES;
				CLANG_ENABLE_OBJC_WEAK = YES;
				CLANG_WARN_BLOCK_CAPTURE_AUTORELEASING = YES;
				CLANG_WARN_BOOL_CONVERSION = YES;
				CLANG_WARN_COMMA = YES;
				CLANG_WARN_CONSTANT_CONVERSION = YES;
				CLANG_WARN_DEPRECATED_OBJC_IMPLEMENTATIONS = YES;
				CLANG_WARN_DIRECT_OBJC_ISA_USAGE = YES_ERROR;
				CLANG_WARN_DOCUMENTATION_COMMENTS = YES;
				CLANG_WARN_EMPTY_BODY = YES;
				CLANG_WARN_ENUM_CONVERSION = YES;
				CLANG_WARN_INFINITE_RECURSION = YES;
				CLANG_WARN_INT_CONVERSION = YES;
				CLANG_WARN_NON_LITERAL_NULL_CONVERSION = YES;
				CLANG_WARN_OBJC_IMPLICIT_RETAIN_SELF = YES;
				CLANG_WARN_OBJC_LITERAL_CONVERSION = YES;
				CLANG_WARN_OBJC_ROOT_CLASS = YES_ERROR;
				CLANG_WARN_QUOTED_INCLUDE_IN_FRAMEWORK_HEADER = YES;
				CLANG_WARN_RANGE_LOOP_ANALYSIS = YES;
				CLANG_WARN_STRICT_PROTOTYPES = YES;
				CLANG_WARN_SUSPICIOUS_MOVE = YES;
				CLANG_WARN_UNGUARDED_AVAILABILITY = YES_AGGRESSIVE;
				CLANG_WARN_UNREACHABLE_CODE = YES;
				CLANG_WARN__DUPLICATE_METHOD_MATCH = YES;
				COPY_PHASE_STRIP = NO;
				DEBUG_INFORMATION_FORMAT = "dwarf-with-dsym";
				ENABLE_NS_ASSERTIONS = NO;
				ENABLE_STRICT_OBJC_MSGSEND = YES;
				GCC_C_LANGUAGE_STANDARD = gnu11;
				GCC_NO_COMMON_BLOCKS = YES;
				GCC_WARN_64_TO_32_BIT_CONVERSION = YES;
				GCC_WARN_ABOUT_RETURN_TYPE = YES_ERROR;
				GCC_WARN_UNDECLARED_SELECTOR = YES;
				GCC_WARN_UNINITIALIZED_AUTOS = YES_AGGRESSIVE;
				GCC_WARN_UNUSED_FUNCTION = YES;
				GCC_WARN_UNUSED_VARIABLE = YES;
				IPHONEOS_DEPLOYMENT_TARGET = 15.5;
				MTL_ENABLE_DEBUG_INFO = NO;
				MTL_FAST_MATH = YES;
				SDKROOT = iphoneos;
				SWIFT_COMPILATION_MODE = wholemodule;
				SWIFT_OPTIMIZATION_LEVEL = "-O";
				VALIDATE_PRODUCT = YES;
			};
			name = Release;
		};
		0BFA10022947550800608CC6 /* Debug */ = {
			isa = XCBuildConfiguration;
			buildSettings = {
				ASSETCATALOG_COMPILER_APPICON_NAME = AppIcon;
				ASSETCATALOG_COMPILER_GLOBAL_ACCENT_COLOR_NAME = AccentColor;
				CODE_SIGN_STYLE = Automatic;
				CURRENT_PROJECT_VERSION = 1;
				DEVELOPMENT_ASSET_PATHS = "\"House/Preview Content\"";
				DEVELOPMENT_TEAM = 327B2F3V2J;
				ENABLE_PREVIEWS = YES;
				GENERATE_INFOPLIST_FILE = YES;
				INFOPLIST_FILE = House/Info.plist;
				INFOPLIST_KEY_NSLocationWhenInUseUsageDescription = "Need to know your location to show the distance to your future new home";
				INFOPLIST_KEY_UIApplicationSceneManifest_Generation = YES;
				INFOPLIST_KEY_UIApplicationSupportsIndirectInputEvents = YES;
				INFOPLIST_KEY_UILaunchScreen_Generation = YES;
				INFOPLIST_KEY_UILaunchStoryboardName = LaunchScreen;
				INFOPLIST_KEY_UISupportedInterfaceOrientations_iPad = "UIInterfaceOrientationPortrait UIInterfaceOrientationPortraitUpsideDown UIInterfaceOrientationLandscapeLeft UIInterfaceOrientationLandscapeRight";
				INFOPLIST_KEY_UISupportedInterfaceOrientations_iPhone = "UIInterfaceOrientationPortrait UIInterfaceOrientationLandscapeLeft UIInterfaceOrientationLandscapeRight";
				LD_RUNPATH_SEARCH_PATHS = (
					"$(inherited)",
					"@executable_path/Frameworks",
				);
				MARKETING_VERSION = 1.0;
				PRODUCT_BUNDLE_IDENTIFIER = com.Mr.Ki.House;
				PRODUCT_NAME = "$(TARGET_NAME)";
				SWIFT_EMIT_LOC_STRINGS = YES;
				SWIFT_VERSION = 5.0;
				TARGETED_DEVICE_FAMILY = "1,2";
			};
			name = Debug;
		};
		0BFA10032947550800608CC6 /* Release */ = {
			isa = XCBuildConfiguration;
			buildSettings = {
				ASSETCATALOG_COMPILER_APPICON_NAME = AppIcon;
				ASSETCATALOG_COMPILER_GLOBAL_ACCENT_COLOR_NAME = AccentColor;
				CODE_SIGN_STYLE = Automatic;
				CURRENT_PROJECT_VERSION = 1;
				DEVELOPMENT_ASSET_PATHS = "\"House/Preview Content\"";
				DEVELOPMENT_TEAM = 327B2F3V2J;
				ENABLE_PREVIEWS = YES;
				GENERATE_INFOPLIST_FILE = YES;
				INFOPLIST_FILE = House/Info.plist;
				INFOPLIST_KEY_NSLocationWhenInUseUsageDescription = "Need to know your location to show the distance to your future new home";
				INFOPLIST_KEY_UIApplicationSceneManifest_Generation = YES;
				INFOPLIST_KEY_UIApplicationSupportsIndirectInputEvents = YES;
				INFOPLIST_KEY_UILaunchScreen_Generation = YES;
				INFOPLIST_KEY_UILaunchStoryboardName = LaunchScreen;
				INFOPLIST_KEY_UISupportedInterfaceOrientations_iPad = "UIInterfaceOrientationPortrait UIInterfaceOrientationPortraitUpsideDown UIInterfaceOrientationLandscapeLeft UIInterfaceOrientationLandscapeRight";
				INFOPLIST_KEY_UISupportedInterfaceOrientations_iPhone = "UIInterfaceOrientationPortrait UIInterfaceOrientationLandscapeLeft UIInterfaceOrientationLandscapeRight";
				LD_RUNPATH_SEARCH_PATHS = (
					"$(inherited)",
					"@executable_path/Frameworks",
				);
				MARKETING_VERSION = 1.0;
				PRODUCT_BUNDLE_IDENTIFIER = com.Mr.Ki.House;
				PRODUCT_NAME = "$(TARGET_NAME)";
				SWIFT_EMIT_LOC_STRINGS = YES;
				SWIFT_VERSION = 5.0;
				TARGETED_DEVICE_FAMILY = "1,2";
			};
			name = Release;
		};
/* End XCBuildConfiguration section */

/* Begin XCConfigurationList section */
		0BFA0FEE2947550700608CC6 /* Build configuration list for PBXProject "House" */ = {
			isa = XCConfigurationList;
			buildConfigurations = (
				0BFA0FFF2947550800608CC6 /* Debug */,
				0BFA10002947550800608CC6 /* Release */,
			);
			defaultConfigurationIsVisible = 0;
			defaultConfigurationName = Release;
		};
		0BFA10012947550800608CC6 /* Build configuration list for PBXNativeTarget "House" */ = {
			isa = XCConfigurationList;
			buildConfigurations = (
				0BFA10022947550800608CC6 /* Debug */,
				0BFA10032947550800608CC6 /* Release */,
			);
			defaultConfigurationIsVisible = 0;
			defaultConfigurationName = Release;
		};
/* End XCConfigurationList section */
	};
	rootObject = 0BFA0FEB2947550700608CC6 /* Project object */;
}
